
Microsoft Visual Studio Solution File, Format Version 12.00
# Visual Studio Version 17
VisualStudioVersion = 17.1.32328.378
MinimumVisualStudioVersion = 10.0.40219.1
Project("{FAE04EC0-301F-11D3-BF4B-00C04F79EFBC}") = "MyToDo.UWP", "MyToDo\MyToDo.UWP\MyToDo.UWP.csproj", "{72C293DF-5E39-470F-ADA0-D7AAFB979092}"
EndProject
Project("{FAE04EC0-301F-11D3-BF4B-00C04F79EFBC}") = "MyToDo.Android", "MyToDo\MyToDo.Android\MyToDo.Android.csproj", "{C691B8F7-BC57-4639-9367-D40C86CCBBE5}"
EndProject
Project("{FAE04EC0-301F-11D3-BF4B-00C04F79EFBC}") = "MyToDo.iOS", "MyToDo\MyToDo.iOS\MyToDo.iOS.csproj", "{FF3D155C-2CEB-4284-9796-70E6E4E8433E}"
EndProject
Project("{FAE04EC0-301F-11D3-BF4B-00C04F79EFBC}") = "MyToDo", "MyToDo\MyToDo\MyToDo.csproj", "{4BB6F264-268B-4B83-BB50-7D2BDCD6448C}"
EndProject
Global
	GlobalSection(SolutionConfigurationPlatforms) = preSolution
		Debug|Any CPU = Debug|Any CPU
		Debug|ARM = Debug|ARM
		Debug|iPhone = Debug|iPhone
		Debug|iPhoneSimulator = Debug|iPhoneSimulator
		Debug|x64 = Debug|x64
		Debug|x86 = Debug|x86
		Release|Any CPU = Release|Any CPU
		Release|ARM = Release|ARM
		Release|iPhone = Release|iPhone
		Release|iPhoneSimulator = Release|iPhoneSimulator
		Release|x64 = Release|x64
		Release|x86 = Release|x86
	EndGlobalSection
	GlobalSection(ProjectConfigurationPlatforms) = postSolution
		{72C293DF-5E39-470F-ADA0-D7AAFB979092}.Debug|Any CPU.ActiveCfg = Debug|x64
		{72C293DF-5E39-470F-ADA0-D7AAFB979092}.Debug|Any CPU.Build.0 = Debug|x64
		{72C293DF-5E39-470F-ADA0-D7AAFB979092}.Debug|Any CPU.Deploy.0 = Debug|x64
		{72C293DF-5E39-470F-ADA0-D7AAFB979092}.Debug|ARM.ActiveCfg = Debug|ARM
		{72C293DF-5E39-470F-ADA0-D7AAFB979092}.Debug|ARM.Build.0 = Debug|ARM
		{72C293DF-5E39-470F-ADA0-D7AAFB979092}.Debug|ARM.Deploy.0 = Debug|ARM
		{72C293DF-5E39-470F-ADA0-D7AAFB979092}.Debug|iPhone.ActiveCfg = Debug|x64
		{72C293DF-5E39-470F-ADA0-D7AAFB979092}.Debug|iPhone.Build.0 = Debug|x64
		{72C293DF-5E39-470F-ADA0-D7AAFB979092}.Debug|iPhone.Deploy.0 = Debug|x64
		{72C293DF-5E39-470F-ADA0-D7AAFB979092}.Debug|iPhoneSimulator.ActiveCfg = Debug|x64
		{72C293DF-5E39-470F-ADA0-D7AAFB979092}.Debug|iPhoneSimulator.Build.0 = Debug|x64
		{72C293DF-5E39-470F-ADA0-D7AAFB979092}.Debug|iPhoneSimulator.Deploy.0 = Debug|x64
		{72C293DF-5E39-470F-ADA0-D7AAFB979092}.Debug|x64.ActiveCfg = Debug|x64
		{72C293DF-5E39-470F-ADA0-D7AAFB979092}.Debug|x64.Build.0 = Debug|x64
		{72C293DF-5E39-470F-ADA0-D7AAFB979092}.Debug|x64.Deploy.0 = Debug|x64
		{72C293DF-5E39-470F-ADA0-D7AAFB979092}.Debug|x86.ActiveCfg = Debug|x86
		{72C293DF-5E39-470F-ADA0-D7AAFB979092}.Debug|x86.Build.0 = Debug|x86
		{72C293DF-5E39-470F-ADA0-D7AAFB979092}.Debug|x86.Deploy.0 = Debug|x86
		{72C293DF-5E39-470F-ADA0-D7AAFB979092}.Release|Any CPU.ActiveCfg = Release|x64
		{72C293DF-5E39-470F-ADA0-D7AAFB979092}.Release|Any CPU.Build.0 = Release|x64
		{72C293DF-5E39-470F-ADA0-D7AAFB979092}.Release|Any CPU.Deploy.0 = Release|x64
		{72C293DF-5E39-470F-ADA0-D7AAFB979092}.Release|ARM.ActiveCfg = Release|ARM
		{72C293DF-5E39-470F-ADA0-D7AAFB979092}.Release|ARM.Build.0 = Release|ARM
		{72C293DF-5E39-470F-ADA0-D7AAFB979092}.Release|ARM.Deploy.0 = Release|ARM
		{72C293DF-5E39-470F-ADA0-D7AAFB979092}.Release|iPhone.ActiveCfg = Release|x64
		{72C293DF-5E39-470F-ADA0-D7AAFB979092}.Release|iPhone.Build.0 = Release|x64
		{72C293DF-5E39-470F-ADA0-D7AAFB979092}.Release|iPhone.Deploy.0 = Release|x64
		{72C293DF-5E39-470F-ADA0-D7AAFB979092}.Release|iPhoneSimulator.ActiveCfg = Release|x64
		{72C293DF-5E39-470F-ADA0-D7AAFB979092}.Release|iPhoneSimulator.Build.0 = Release|x64
		{72C293DF-5E39-470F-ADA0-D7AAFB979092}.Release|iPhoneSimulator.Deploy.0 = Release|x64
		{72C293DF-5E39-470F-ADA0-D7AAFB979092}.Release|x64.ActiveCfg = Release|x64
		{72C293DF-5E39-470F-ADA0-D7AAFB979092}.Release|x64.Build.0 = Release|x64
		{72C293DF-5E39-470F-ADA0-D7AAFB979092}.Release|x64.Deploy.0 = Release|x64
		{72C293DF-5E39-470F-ADA0-D7AAFB979092}.Release|x86.ActiveCfg = Release|x86
		{72C293DF-5E39-470F-ADA0-D7AAFB979092}.Release|x86.Build.0 = Release|x86
		{72C293DF-5E39-470F-ADA0-D7AAFB979092}.Release|x86.Deploy.0 = Release|x86
		{C691B8F7-BC57-4639-9367-D40C86CCBBE5}.Debug|Any CPU.ActiveCfg = Debug|Any CPU
		{C691B8F7-BC57-4639-9367-D40C86CCBBE5}.Debug|Any CPU.Build.0 = Debug|Any CPU
		{C691B8F7-BC57-4639-9367-D40C86CCBBE5}.Debug|Any CPU.Deploy.0 = Debug|Any CPU
		{C691B8F7-BC57-4639-9367-D40C86CCBBE5}.Debug|ARM.ActiveCfg = Debug|Any CPU
		{C691B8F7-BC57-4639-9367-D40C86CCBBE5}.Debug|ARM.Build.0 = Debug|Any CPU
		{C691B8F7-BC57-4639-9367-D40C86CCBBE5}.Debug|ARM.Deploy.0 = Debug|Any CPU
		{C691B8F7-BC57-4639-9367-D40C86CCBBE5}.Debug|iPhone.ActiveCfg = Debug|Any CPU
		{C691B8F7-BC57-4639-9367-D40C86CCBBE5}.Debug|iPhone.Build.0 = Debug|Any CPU
		{C691B8F7-BC57-4639-9367-D40C86CCBBE5}.Debug|iPhone.Deploy.0 = Debug|Any CPU
		{C691B8F7-BC57-4639-9367-D40C86CCBBE5}.Debug|iPhoneSimulator.ActiveCfg = Debug|Any CPU
		{C691B8F7-BC57-4639-9367-D40C86CCBBE5}.Debug|iPhoneSimulator.Build.0 = Debug|Any CPU
		{C691B8F7-BC57-4639-9367-D40C86CCBBE5}.Debug|iPhoneSimulator.Deploy.0 = Debug|Any CPU
		{C691B8F7-BC57-4639-9367-D40C86CCBBE5}.Debug|x64.ActiveCfg = Debug|Any CPU
		{C691B8F7-BC57-4639-9367-D40C86CCBBE5}.Debug|x64.Build.0 = Debug|Any CPU
		{C691B8F7-BC57-4639-9367-D40C86CCBBE5}.Debug|x64.Deploy.0 = Debug|Any CPU
		{C691B8F7-BC57-4639-9367-D40C86CCBBE5}.Debug|x86.ActiveCfg = Debug|Any CPU
		{C691B8F7-BC57-4639-9367-D40C86CCBBE5}.Debug|x86.Build.0 = Debug|Any CPU
		{C691B8F7-BC57-4639-9367-D40C86CCBBE5}.Debug|x86.Deploy.0 = Debug|Any CPU
		{C691B8F7-BC57-4639-9367-D40C86CCBBE5}.Release|Any CPU.ActiveCfg = Release|Any CPU
		{C691B8F7-BC57-4639-9367-D40C86CCBBE5}.Release|Any CPU.Build.0 = Release|Any CPU
		{C691B8F7-BC57-4639-9367-D40C86CCBBE5}.Release|Any CPU.Deploy.0 = Release|Any CPU
		{C691B8F7-BC57-4639-9367-D40C86CCBBE5}.Release|ARM.ActiveCfg = Release|Any CPU
		{C691B8F7-BC57-4639-9367-D40C86CCBBE5}.Release|ARM.Build.0 = Release|Any CPU
		{C691B8F7-BC57-4639-9367-D40C86CCBBE5}.Release|ARM.Deploy.0 = Release|Any CPU
		{C691B8F7-BC57-4639-9367-D40C86CCBBE5}.Release|iPhone.ActiveCfg = Release|Any CPU
		{C691B8F7-BC57-4639-9367-D40C86CCBBE5}.Release|iPhone.Build.0 = Release|Any CPU
		{C691B8F7-BC57-4639-9367-D40C86CCBBE5}.Release|iPhone.Deploy.0 = Release|Any CPU
		{C691B8F7-BC57-4639-9367-D40C86CCBBE5}.Release|iPhoneSimulator.ActiveCfg = Release|Any CPU
		{C691B8F7-BC57-4639-9367-D40C86CCBBE5}.Release|iPhoneSimulator.Build.0 = Release|Any CPU
		{C691B8F7-BC57-4639-9367-D40C86CCBBE5}.Release|iPhoneSimulator.Deploy.0 = Release|Any CPU
		{C691B8F7-BC57-4639-9367-D40C86CCBBE5}.Release|x64.ActiveCfg = Release|Any CPU
		{C691B8F7-BC57-4639-9367-D40C86CCBBE5}.Release|x64.Build.0 = Release|Any CPU
		{C691B8F7-BC57-4639-9367-D40C86CCBBE5}.Release|x64.Deploy.0 = Release|Any CPU
		{C691B8F7-BC57-4639-9367-D40C86CCBBE5}.Release|x86.ActiveCfg = Release|Any CPU
		{C691B8F7-BC57-4639-9367-D40C86CCBBE5}.Release|x86.Build.0 = Release|Any CPU
		{C691B8F7-BC57-4639-9367-D40C86CCBBE5}.Release|x86.Deploy.0 = Release|Any CPU
		{FF3D155C-2CEB-4284-9796-70E6E4E8433E}.Debug|Any CPU.ActiveCfg = Debug|iPhoneSimulator
		{FF3D155C-2CEB-4284-9796-70E6E4E8433E}.Debug|Any CPU.Build.0 = Debug|iPhoneSimulator
		{FF3D155C-2CEB-4284-9796-70E6E4E8433E}.Debug|Any CPU.Deploy.0 = Debug|iPhoneSimulator
		{FF3D155C-2CEB-4284-9796-70E6E4E8433E}.Debug|ARM.ActiveCfg = Debug|iPhoneSimulator
		{FF3D155C-2CEB-4284-9796-70E6E4E8433E}.Debug|ARM.Build.0 = Debug|iPhoneSimulator
		{FF3D155C-2CEB-4284-9796-70E6E4E8433E}.Debug|ARM.Deploy.0 = Debug|iPhoneSimulator
		{FF3D155C-2CEB-4284-9796-70E6E4E8433E}.Debug|iPhone.ActiveCfg = Debug|iPhone
		{FF3D155C-2CEB-4284-9796-70E6E4E8433E}.Debug|iPhone.Build.0 = Debug|iPhone
		{FF3D155C-2CEB-4284-9796-70E6E4E8433E}.Debug|iPhone.Deploy.0 = Debug|iPhone
		{FF3D155C-2CEB-4284-9796-70E6E4E8433E}.Debug|iPhoneSimulator.ActiveCfg = Debug|iPhoneSimulator
		{FF3D155C-2CEB-4284-9796-70E6E4E8433E}.Debug|iPhoneSimulator.Build.0 = Debug|iPhoneSimulator
		{FF3D155C-2CEB-4284-9796-70E6E4E8433E}.Debug|iPhoneSimulator.Deploy.0 = Debug|iPhoneSimulator
		{FF3D155C-2CEB-4284-9796-70E6E4E8433E}.Debug|x64.ActiveCfg = Debug|iPhone
		{FF3D155C-2CEB-4284-9796-70E6E4E8433E}.Debug|x64.Build.0 = Debug|iPhone
		{FF3D155C-2CEB-4284-9796-70E6E4E8433E}.Debug|x64.Deploy.0 = Debug|iPhone
		{FF3D155C-2CEB-4284-9796-70E6E4E8433E}.Debug|x86.ActiveCfg = Debug|iPhoneSimulator
		{FF3D155C-2CEB-4284-9796-70E6E4E8433E}.Debug|x86.Build.0 = Debug|iPhoneSimulator
		{FF3D155C-2CEB-4284-9796-70E6E4E8433E}.Debug|x86.Deploy.0 = Debug|iPhoneSimulator
		{FF3D155C-2CEB-4284-9796-70E6E4E8433E}.Release|Any CPU.ActiveCfg = Release|iPhoneSimulator
		{FF3D155C-2CEB-4284-9796-70E6E4E8433E}.Release|Any CPU.Build.0 = Release|iPhoneSimulator
		{FF3D155C-2CEB-4284-9796-70E6E4E8433E}.Release|Any CPU.Deploy.0 = Release|iPhoneSimulator
		{FF3D155C-2CEB-4284-9796-70E6E4E8433E}.Release|ARM.ActiveCfg = Release|iPhoneSimulator
		{FF3D155C-2CEB-4284-9796-70E6E4E8433E}.Release|ARM.Build.0 = Release|iPhoneSimulator
		{FF3D155C-2CEB-4284-9796-70E6E4E8433E}.Release|ARM.Deploy.0 = Release|iPhoneSimulator
		{FF3D155C-2CEB-4284-9796-70E6E4E8433E}.Release|iPhone.ActiveCfg = Release|iPhone
		{FF3D155C-2CEB-4284-9796-70E6E4E8433E}.Release|iPhone.Build.0 = Release|iPhone
		{FF3D155C-2CEB-4284-9796-70E6E4E8433E}.Release|iPhone.Deploy.0 = Release|iPhone
		{FF3D155C-2CEB-4284-9796-70E6E4E8433E}.Release|iPhoneSimulator.ActiveCfg = Release|iPhoneSimulator
		{FF3D155C-2CEB-4284-9796-70E6E4E8433E}.Release|iPhoneSimulator.Build.0 = Release|iPhoneSimulator
		{FF3D155C-2CEB-4284-9796-70E6E4E8433E}.Release|iPhoneSimulator.Deploy.0 = Release|iPhoneSimulator
		{FF3D155C-2CEB-4284-9796-70E6E4E8433E}.Release|x64.ActiveCfg = Release|iPhoneSimulator
		{FF3D155C-2CEB-4284-9796-70E6E4E8433E}.Release|x64.Build.0 = Release|iPhoneSimulator
		{FF3D155C-2CEB-4284-9796-70E6E4E8433E}.Release|x64.Deploy.0 = Release|iPhoneSimulator
		{FF3D155C-2CEB-4284-9796-70E6E4E8433E}.Release|x86.ActiveCfg = Release|iPhoneSimulator
		{FF3D155C-2CEB-4284-9796-70E6E4E8433E}.Release|x86.Build.0 = Release|iPhoneSimulator
		{FF3D155C-2CEB-4284-9796-70E6E4E8433E}.Release|x86.Deploy.0 = Release|iPhoneSimulator
		{4BB6F264-268B-4B83-BB50-7D2BDCD6448C}.Debug|Any CPU.ActiveCfg = Debug|Any CPU
		{4BB6F264-268B-4B83-BB50-7D2BDCD6448C}.Debug|Any CPU.Build.0 = Debug|Any CPU
		{4BB6F264-268B-4B83-BB50-7D2BDCD6448C}.Debug|Any CPU.Deploy.0 = Debug|Any CPU
		{4BB6F264-268B-4B83-BB50-7D2BDCD6448C}.Debug|ARM.ActiveCfg = Debug|Any CPU
		{4BB6F264-268B-4B83-BB50-7D2BDCD6448C}.Debug|ARM.Build.0 = Debug|Any CPU
		{4BB6F264-268B-4B83-BB50-7D2BDCD6448C}.Debug|ARM.Deploy.0 = Debug|Any CPU
		{4BB6F264-268B-4B83-BB50-7D2BDCD6448C}.Debug|iPhone.ActiveCfg = Debug|Any CPU
		{4BB6F264-268B-4B83-BB50-7D2BDCD6448C}.Debug|iPhone.Build.0 = Debug|Any CPU
		{4BB6F264-268B-4B83-BB50-7D2BDCD6448C}.Debug|iPhone.Deploy.0 = Debug|Any CPU
		{4BB6F264-268B-4B83-BB50-7D2BDCD6448C}.Debug|iPhoneSimulator.ActiveCfg = Debug|Any CPU
		{4BB6F264-268B-4B83-BB50-7D2BDCD6448C}.Debug|iPhoneSimulator.Build.0 = Debug|Any CPU
		{4BB6F264-268B-4B83-BB50-7D2BDCD6448C}.Debug|iPhoneSimulator.Deploy.0 = Debug|Any CPU
		{4BB6F264-268B-4B83-BB50-7D2BDCD6448C}.Debug|x64.ActiveCfg = Debug|Any CPU
		{4BB6F264-268B-4B83-BB50-7D2BDCD6448C}.Debug|x64.Build.0 = Debug|Any CPU
		{4BB6F264-268B-4B83-BB50-7D2BDCD6448C}.Debug|x64.Deploy.0 = Debug|Any CPU
		{4BB6F264-268B-4B83-BB50-7D2BDCD6448C}.Debug|x86.ActiveCfg = Debug|Any CPU
		{4BB6F264-268B-4B83-BB50-7D2BDCD6448C}.Debug|x86.Build.0 = Debug|Any CPU
		{4BB6F264-268B-4B83-BB50-7D2BDCD6448C}.Debug|x86.Deploy.0 = Debug|Any CPU
		{4BB6F264-268B-4B83-BB50-7D2BDCD6448C}.Release|Any CPU.ActiveCfg = Release|Any CPU
		{4BB6F264-268B-4B83-BB50-7D2BDCD6448C}.Release|Any CPU.Build.0 = Release|Any CPU
		{4BB6F264-268B-4B83-BB50-7D2BDCD6448C}.Release|Any CPU.Deploy.0 = Release|Any CPU
		{4BB6F264-268B-4B83-BB50-7D2BDCD6448C}.Release|ARM.ActiveCfg = Release|Any CPU
		{4BB6F264-268B-4B83-BB50-7D2BDCD6448C}.Release|ARM.Build.0 = Release|Any CPU
		{4BB6F264-268B-4B83-BB50-7D2BDCD6448C}.Release|ARM.Deploy.0 = Release|Any CPU
		{4BB6F264-268B-4B83-BB50-7D2BDCD6448C}.Release|iPhone.ActiveCfg = Release|Any CPU
		{4BB6F264-268B-4B83-BB50-7D2BDCD6448C}.Release|iPhone.Build.0 = Release|Any CPU
		{4BB6F264-268B-4B83-BB50-7D2BDCD6448C}.Release|iPhone.Deploy.0 = Release|Any CPU
		{4BB6F264-268B-4B83-BB50-7D2BDCD6448C}.Release|iPhoneSimulator.ActiveCfg = Release|Any CPU
		{4BB6F264-268B-4B83-BB50-7D2BDCD6448C}.Release|iPhoneSimulator.Build.0 = Release|Any CPU
		{4BB6F264-268B-4B83-BB50-7D2BDCD6448C}.Release|iPhoneSimulator.Deploy.0 = Release|Any CPU
		{4BB6F264-268B-4B83-BB50-7D2BDCD6448C}.Release|x64.ActiveCfg = Release|Any CPU
		{4BB6F264-268B-4B83-BB50-7D2BDCD6448C}.Release|x64.Build.0 = Release|Any CPU
		{4BB6F264-268B-4B83-BB50-7D2BDCD6448C}.Release|x64.Deploy.0 = Release|Any CPU
		{4BB6F264-268B-4B83-BB50-7D2BDCD6448C}.Release|x86.ActiveCfg = Release|Any CPU
		{4BB6F264-268B-4B83-BB50-7D2BDCD6448C}.Release|x86.Build.0 = Release|Any CPU
		{4BB6F264-268B-4B83-BB50-7D2BDCD6448C}.Release|x86.Deploy.0 = Release|Any CPU
	EndGlobalSection
	GlobalSection(SolutionProperties) = preSolution
		HideSolutionNode = FALSE
	EndGlobalSection
	GlobalSection(ExtensibilityGlobals) = postSolution
		SolutionGuid = {A50BFDB5-7574-4C86-AB24-A9C64E50EA46}
	EndGlobalSection
EndGlobal
